{
  "nodes": {
    "ema": {
      "inputs": {
        "flake-parts": "flake-parts",
        "haskell-flake": "haskell-flake",
        "nixpkgs": "nixpkgs",
        "relude": "relude"
      },
      "locked": {
        "lastModified": 1656465087,
        "narHash": "sha256-Pnjnwbmp7wddjZGDeYuHB8MEuapmb/NcgG1KvhsnYmY=",
        "owner": "srid",
        "repo": "ema",
        "rev": "62f0d9adf1fc4f98195fd105e62e669ef6a56637",
        "type": "github"
      },
      "original": {
        "owner": "srid",
        "ref": "multisite",
        "repo": "ema",
        "type": "github"
      }
    },
    "flake-parts": {
      "inputs": {
        "nixpkgs": [
          "ema",
          "nixpkgs"
        ]
      },
      "locked": {
        "lastModified": 1654330348,
        "narHash": "sha256-jedUKLSqRk/4ToHolO7xnOuztbdDUGCSElvTi5hUGYg=",
        "owner": "hercules-ci",
        "repo": "flake-parts",
        "rev": "6ac93cfc7f0fea4c889a609b18b3333f10091030",
        "type": "github"
      },
      "original": {
        "owner": "hercules-ci",
        "repo": "flake-parts",
        "type": "github"
      }
    },
    "flake-parts_2": {
      "inputs": {
        "nixpkgs": [
          "nixpkgs"
        ]
      },
      "locked": {
        "lastModified": 1655983956,
        "narHash": "sha256-2h986XafeFMRuIVy3CjfVgzz0cqYbaxfXzcqeCCGqEU=",
        "owner": "hercules-ci",
        "repo": "flake-parts",
        "rev": "9b0000f75f6a53c0814264e27ca32f4bddeb15cc",
        "type": "github"
      },
      "original": {
        "owner": "hercules-ci",
        "repo": "flake-parts",
        "type": "github"
      }
    },
    "flake-utils": {
      "locked": {
        "lastModified": 1652776076,
        "narHash": "sha256-gzTw/v1vj4dOVbpBSJX4J0DwUR6LIyXo7/SuuTJp1kM=",
        "owner": "numtide",
        "repo": "flake-utils",
        "rev": "04c1b180862888302ddfb2e3ad9eaa63afc60cf8",
        "type": "github"
      },
      "original": {
        "owner": "numtide",
        "ref": "v1.0.0",
        "repo": "flake-utils",
        "type": "github"
      }
    },
    "haskell-flake": {
      "locked": {
        "lastModified": 1654001497,
        "narHash": "sha256-GfrpyoQrVT9Z/j9its8BQs3I5O5X5Lc2IkK922bz7zg=",
        "owner": "srid",
        "repo": "haskell-flake",
        "rev": "4c0b0ff295f0b97238a600d2381c37ee46b67f9c",
        "type": "github"
      },
      "original": {
        "owner": "srid",
        "repo": "haskell-flake",
        "type": "github"
      }
    },
    "haskell-flake_2": {
      "locked": {
        "lastModified": 1654001497,
        "narHash": "sha256-GfrpyoQrVT9Z/j9its8BQs3I5O5X5Lc2IkK922bz7zg=",
        "owner": "srid",
        "repo": "haskell-flake",
        "rev": "4c0b0ff295f0b97238a600d2381c37ee46b67f9c",
        "type": "github"
      },
      "original": {
        "owner": "srid",
        "repo": "haskell-flake",
        "type": "github"
      }
    },
    "heist-emanote": {
      "flake": false,
      "locked": {
        "lastModified": 1653920837,
        "narHash": "sha256-GUHQy909iroTNSkrk15/f1Ht9eWB3A5rF//wfRzhGy8=",
        "owner": "srid",
        "repo": "heist",
        "rev": "988692ea850b3cbe966c7dc4dd26ba1d49647706",
        "type": "github"
      },
      "original": {
        "owner": "srid",
        "ref": "emanote",
        "repo": "heist",
        "type": "github"
      }
    },
    "nixpkgs": {
      "locked": {
        "lastModified": 1654230545,
        "narHash": "sha256-8Vlwf0x8ow6pPOK2a04bT+pxIeRnM1+O0Xv9/CuDzRs=",
        "owner": "nixos",
        "repo": "nixpkgs",
        "rev": "236cc2971ac72acd90f0ae3a797f9f83098b17ec",
        "type": "github"
      },
      "original": {
        "owner": "nixos",
        "ref": "nixos-unstable",
        "repo": "nixpkgs",
        "type": "github"
      }
    },
    "nixpkgs_2": {
      "locked": {
        "lastModified": 1656401090,
        "narHash": "sha256-bUS2nfQsvTQW2z8SK7oEFSElbmoBahOPtbXPm0AL3I4=",
        "owner": "nixos",
        "repo": "nixpkgs",
        "rev": "16de63fcc54e88b9a106a603038dd5dd2feb21eb",
        "type": "github"
      },
      "original": {
        "owner": "nixos",
        "ref": "nixpkgs-unstable",
        "repo": "nixpkgs",
        "type": "github"
      }
    },
    "relude": {
      "flake": false,
      "locked": {
        "lastModified": 1654789035,
        "narHash": "sha256-57pQicQBHQ7T9NCuR7YnRt7E6m+tVNLE8LyJV4MtpMU=",
        "owner": "kowainik",
        "repo": "relude",
        "rev": "b2fccefa4b81ead3aeec567e2f536498dec5eee5",
        "type": "github"
      },
      "original": {
        "owner": "kowainik",
        "ref": "v1.1.0.0",
        "repo": "relude",
        "type": "github"
      }
    },
    "root": {
      "inputs": {
        "ema": "ema",
        "flake-parts": "flake-parts_2",
        "haskell-flake": "haskell-flake_2",
        "heist-emanote": "heist-emanote",
        "nixpkgs": "nixpkgs_2",
        "tailwind-haskell": "tailwind-haskell"
      }
    },
    "tailwind-haskell": {
      "inputs": {
        "flake-utils": "flake-utils",
        "nixpkgs": [
          "nixpkgs"
        ]
      },
      "locked": {
        "lastModified": 1654211622,
        "narHash": "sha256-N5Xa/JhF9PRgmt+ZVZFaHT7onezENxp7ktnGhhqOBaw=",
        "owner": "srid",
        "repo": "tailwind-haskell",
        "rev": "8d08cda7a1cb67435de1ba1739f65e25b303364f",
        "type": "github"
      },
      "original": {
        "owner": "srid",
        "ref": "master",
        "repo": "tailwind-haskell",
        "type": "github"
      }
    }
  },
  "root": "root",
  "version": 7
}
